
Microsoft Visual Studio Solution File, Format Version 12.00
# Visual Studio Version 17
VisualStudioVersion = 17.2.32526.322
MinimumVisualStudioVersion = 10.0.40219.1
Project("{9A19103F-16F7-4668-BE54-9A1E7A4F7556}") = "SerachKeyword", "SerachKeyword\SerachKeyword.csproj", "{530C7444-4FE3-4727-B240-B46F96C35C86}"
EndProject
Project("{9A19103F-16F7-4668-BE54-9A1E7A4F7556}") = "SearchKeywordsWtihLucene", "SearchKeywordsWtihLucene\SearchKeywordsWtihLucene.csproj", "{EF263FA2-7937-4DE1-9405-02EC90323F7D}"
EndProject
Project("{FAE04EC0-301F-11D3-BF4B-00C04F79EFBC}") = "SerachKeyword.ElasticSearch", "SerachKeyword.ElasticSearch\SerachKeyword.ElasticSearch.csproj", "{4CABC442-FE47-4205-A08B-40ADD9B71663}"
EndProject
Global
	GlobalSection(SolutionConfigurationPlatforms) = preSolution
		Debug|Any CPU = Debug|Any CPU
		Release|Any CPU = Release|Any CPU
	EndGlobalSection
	GlobalSection(ProjectConfigurationPlatforms) = postSolution
		{530C7444-4FE3-4727-B240-B46F96C35C86}.Debug|Any CPU.ActiveCfg = Debug|Any CPU
		{530C7444-4FE3-4727-B240-B46F96C35C86}.Debug|Any CPU.Build.0 = Debug|Any CPU
		{530C7444-4FE3-4727-B240-B46F96C35C86}.Release|Any CPU.ActiveCfg = Release|Any CPU
		{530C7444-4FE3-4727-B240-B46F96C35C86}.Release|Any CPU.Build.0 = Release|Any CPU
		{EF263FA2-7937-4DE1-9405-02EC90323F7D}.Debug|Any CPU.ActiveCfg = Debug|Any CPU
		{EF263FA2-7937-4DE1-9405-02EC90323F7D}.Debug|Any CPU.Build.0 = Debug|Any CPU
		{EF263FA2-7937-4DE1-9405-02EC90323F7D}.Release|Any CPU.ActiveCfg = Release|Any CPU
		{EF263FA2-7937-4DE1-9405-02EC90323F7D}.Release|Any CPU.Build.0 = Release|Any CPU
		{4CABC442-FE47-4205-A08B-40ADD9B71663}.Debug|Any CPU.ActiveCfg = Debug|Any CPU
		{4CABC442-FE47-4205-A08B-40ADD9B71663}.Debug|Any CPU.Build.0 = Debug|Any CPU
		{4CABC442-FE47-4205-A08B-40ADD9B71663}.Release|Any CPU.ActiveCfg = Release|Any CPU
		{4CABC442-FE47-4205-A08B-40ADD9B71663}.Release|Any CPU.Build.0 = Release|Any CPU
	EndGlobalSection
	GlobalSection(SolutionProperties) = preSolution
		HideSolutionNode = FALSE
	EndGlobalSection
	GlobalSection(ExtensibilityGlobals) = postSolution
		SolutionGuid = {C2D146B1-946C-4E6D-8144-E71C519BBCC0}
	EndGlobalSection
EndGlobal
